// !$*UTF8*$!
{
	archiveVersion = 1;
	classes = {
	};
	objectVersion = 77;
	objects = {

/* Begin PBXBuildFile section */
		1769492A57E16031E46AB4A1 /* CollectionsListView.swift in Sources */ = {isa = PBXBuildFile; fileRef = 04B27DEE13490B5EC046D95F /* CollectionsListView.swift */; };
		2BD96D40D5B091C22B865BCE /* CropRenderer.swift in Sources */ = {isa = PBXBuildFile; fileRef = 44AD7A23B0C8057E529515E2 /* CropRenderer.swift */; };
		415B85FB296D764D89D0B3ED /* PhotoDetailView.swift in Sources */ = {isa = PBXBuildFile; fileRef = F9B59F93725F395B286F7735 /* PhotoDetailView.swift */; };
		62CEB53D4A3A52BA46D325AE /* ImageStore.swift in Sources */ = {isa = PBXBuildFile; fileRef = CC8D97108BD7D8C3EE52FFCD /* ImageStore.swift */; };
		80B559580BFDBC553330925F /* Models.swift in Sources */ = {isa = PBXBuildFile; fileRef = 01EC3FB6BCE7FEDF43FDBB4D /* Models.swift */; };
		D214306B1527C83F61E7CB14 /* CameraView.swift in Sources */ = {isa = PBXBuildFile; fileRef = 7C573DBE4E997DAD59AB9AE7 /* CameraView.swift */; };
		D9DB0B2EA75D4E5B593309FC /* CropEditor.swift in Sources */ = {isa = PBXBuildFile; fileRef = 9FCC8CF14261C2B4C2003146 /* CropEditor.swift */; };
		F7CAB7D6CDEE0862C1EC7948 /* PhotorgApp.swift in Sources */ = {isa = PBXBuildFile; fileRef = 92D2B95920E8A1AB7637C15E /* PhotorgApp.swift */; };
		F85EE8DAB1DBBCA984200D45 /* CollectionDetailView.swift in Sources */ = {isa = PBXBuildFile; fileRef = A54C76E1294609B2F789623B /* CollectionDetailView.swift */; };
/* End PBXBuildFile section */

/* Begin PBXFileReference section */
		01EC3FB6BCE7FEDF43FDBB4D /* Models.swift */ = {isa = PBXFileReference; lastKnownFileType = sourcecode.swift; path = Models.swift; sourceTree = "<group>"; };
		04B27DEE13490B5EC046D95F /* CollectionsListView.swift */ = {isa = PBXFileReference; lastKnownFileType = sourcecode.swift; path = CollectionsListView.swift; sourceTree = "<group>"; };
		44AD7A23B0C8057E529515E2 /* CropRenderer.swift */ = {isa = PBXFileReference; lastKnownFileType = sourcecode.swift; path = CropRenderer.swift; sourceTree = "<group>"; };
		7C573DBE4E997DAD59AB9AE7 /* CameraView.swift */ = {isa = PBXFileReference; lastKnownFileType = sourcecode.swift; path = CameraView.swift; sourceTree = "<group>"; };
		7EBC5A8A154CF17B1F1CDD7B /* Info.plist */ = {isa = PBXFileReference; lastKnownFileType = text.plist; path = Info.plist; sourceTree = "<group>"; };
		92D2B95920E8A1AB7637C15E /* PhotorgApp.swift */ = {isa = PBXFileReference; lastKnownFileType = sourcecode.swift; path = PhotorgApp.swift; sourceTree = "<group>"; };
		9FCC8CF14261C2B4C2003146 /* CropEditor.swift */ = {isa = PBXFileReference; lastKnownFileType = sourcecode.swift; path = CropEditor.swift; sourceTree = "<group>"; };
		A54C76E1294609B2F789623B /* CollectionDetailView.swift */ = {isa = PBXFileReference; lastKnownFileType = sourcecode.swift; path = CollectionDetailView.swift; sourceTree = "<group>"; };
		CC8D97108BD7D8C3EE52FFCD /* ImageStore.swift */ = {isa = PBXFileReference; lastKnownFileType = sourcecode.swift; path = ImageStore.swift; sourceTree = "<group>"; };
		F38A3F1753B0B22EF1F2FC9A /* Photorg.app */ = {isa = PBXFileReference; includeInIndex = 0; lastKnownFileType = wrapper.application; path = Photorg.app; sourceTree = BUILT_PRODUCTS_DIR; };
		F9B59F93725F395B286F7735 /* PhotoDetailView.swift */ = {isa = PBXFileReference; lastKnownFileType = sourcecode.swift; path = PhotoDetailView.swift; sourceTree = "<group>"; };
/* End PBXFileReference section */

/* Begin PBXGroup section */
		CBB3E6182713FE0D671368E0 /* Photorg */ = {
			isa = PBXGroup;
			children = (
				7C573DBE4E997DAD59AB9AE7 /* CameraView.swift */,
				A54C76E1294609B2F789623B /* CollectionDetailView.swift */,
				04B27DEE13490B5EC046D95F /* CollectionsListView.swift */,
				9FCC8CF14261C2B4C2003146 /* CropEditor.swift */,
				44AD7A23B0C8057E529515E2 /* CropRenderer.swift */,
				CC8D97108BD7D8C3EE52FFCD /* ImageStore.swift */,
				7EBC5A8A154CF17B1F1CDD7B /* Info.plist */,
				01EC3FB6BCE7FEDF43FDBB4D /* Models.swift */,
				F9B59F93725F395B286F7735 /* PhotoDetailView.swift */,
				92D2B95920E8A1AB7637C15E /* PhotorgApp.swift */,
			);
			path = Photorg;
			sourceTree = "<group>";
		};
		D7AE6A952B6E646691FD1D8A = {
			isa = PBXGroup;
			children = (
				CBB3E6182713FE0D671368E0 /* Photorg */,
				DB610879E7D2A72C6F431DB5 /* Products */,
			);
			sourceTree = "<group>";
		};
		DB610879E7D2A72C6F431DB5 /* Products */ = {
			isa = PBXGroup;
			children = (
				F38A3F1753B0B22EF1F2FC9A /* Photorg.app */,
			);
			name = Products;
			sourceTree = "<group>";
		};
/* End PBXGroup section */

/* Begin PBXNativeTarget section */
		4B8ED8C4E84B8B97B28EFD6B /* Photorg */ = {
			isa = PBXNativeTarget;
			buildConfigurationList = 20BC162ECF8DF2C872E1E35F /* Build configuration list for PBXNativeTarget "Photorg" */;
			buildPhases = (
				C6F31635ECAB6EA8470B6D67 /* Sources */,
			);
			buildRules = (
			);
			dependencies = (
			);
			name = Photorg;
			packageProductDependencies = (
			);
			productName = Photorg;
			productReference = F38A3F1753B0B22EF1F2FC9A /* Photorg.app */;
			productType = "com.apple.product-type.application";
		};
/* End PBXNativeTarget section */

/* Begin PBXProject section */
		D155A57C3BF33010BC1D713C /* Project object */ = {
			isa = PBXProject;
			attributes = {
				BuildIndependentTargetsInParallel = YES;
				LastUpgradeCheck = 1430;
				TargetAttributes = {
					4B8ED8C4E84B8B97B28EFD6B = {
						DevelopmentTeam = "";
					};
				};
			};
			buildConfigurationList = 908D8D5CD8553BFFFB158F39 /* Build configuration list for PBXProject "Photorg" */;
			developmentRegion = en;
			hasScannedForEncodings = 0;
			knownRegions = (
				Base,
				en,
			);
			mainGroup = D7AE6A952B6E646691FD1D8A;
			minimizedProjectReferenceProxies = 1;
			preferredProjectObjectVersion = 77;
			productRefGroup = DB610879E7D2A72C6F431DB5 /* Products */;
			projectDirPath = "";
			projectRoot = "";
			targets = (
				4B8ED8C4E84B8B97B28EFD6B /* Photorg */,
			);
		};
/* End PBXProject section */

/* Begin PBXSourcesBuildPhase section */
		C6F31635ECAB6EA8470B6D67 /* Sources */ = {
			isa = PBXSourcesBuildPhase;
			buildActionMask = 2147483647;
			files = (
				D214306B1527C83F61E7CB14 /* CameraView.swift in Sources */,
				F85EE8DAB1DBBCA984200D45 /* CollectionDetailView.swift in Sources */,
				1769492A57E16031E46AB4A1 /* CollectionsListView.swift in Sources */,
				D9DB0B2EA75D4E5B593309FC /* CropEditor.swift in Sources */,
				2BD96D40D5B091C22B865BCE /* CropRenderer.swift in Sources */,
				62CEB53D4A3A52BA46D325AE /* ImageStore.swift in Sources */,
				80B559580BFDBC553330925F /* Models.swift in Sources */,
				415B85FB296D764D89D0B3ED /* PhotoDetailView.swift in Sources */,
				F7CAB7D6CDEE0862C1EC7948 /* PhotorgApp.swift in Sources */,
			);
			runOnlyForDeploymentPostprocessing = 0;
		};
/* End PBXSourcesBuildPhase section */

/* Begin XCBuildConfiguration section */
		44612FE984A2FD643938DBA4 /* Release */ = {
			isa = XCBuildConfiguration;
			buildSettings = {
				ALWAYS_SEARCH_USER_PATHS = NO;
				CLANG_ANALYZER_NONNULL = YES;
				CLANG_ANALYZER_NUMBER_OBJECT_CONVERSION = YES_AGGRESSIVE;
				CLANG_CXX_LANGUAGE_STANDARD = "gnu++14";
				CLANG_CXX_LIBRARY = "libc++";
				CLANG_ENABLE_MODULES = YES;
				CLANG_ENABLE_OBJC_ARC = YES;
				CLANG_ENABLE_OBJC_WEAK = YES;
				CLANG_WARN_BLOCK_CAPTURE_AUTORELEASING = YES;
				CLANG_WARN_BOOL_CONVERSION = YES;
				CLANG_WARN_COMMA = YES;
				CLANG_WARN_CONSTANT_CONVERSION = YES;
				CLANG_WARN_DEPRECATED_OBJC_IMPLEMENTATIONS = YES;
				CLANG_WARN_DIRECT_OBJC_ISA_USAGE = YES_ERROR;
				CLANG_WARN_DOCUMENTATION_COMMENTS = YES;
				CLANG_WARN_EMPTY_BODY = YES;
				CLANG_WARN_ENUM_CONVERSION = YES;
				CLANG_WARN_INFINITE_RECURSION = YES;
				CLANG_WARN_INT_CONVERSION = YES;
				CLANG_WARN_NON_LITERAL_NULL_CONVERSION = YES;
				CLANG_WARN_OBJC_IMPLICIT_RETAIN_SELF = YES;
				CLANG_WARN_OBJC_LITERAL_CONVERSION = YES;
				CLANG_WARN_OBJC_ROOT_CLASS = YES_ERROR;
				CLANG_WARN_QUOTED_INCLUDE_IN_FRAMEWORK_HEADER = YES;
				CLANG_WARN_RANGE_LOOP_ANALYSIS = YES;
				CLANG_WARN_STRICT_PROTOTYPES = YES;
				CLANG_WARN_SUSPICIOUS_MOVE = YES;
				CLANG_WARN_UNGUARDED_AVAILABILITY = YES_AGGRESSIVE;
				CLANG_WARN_UNREACHABLE_CODE = YES;
				CLANG_WARN__DUPLICATE_METHOD_MATCH = YES;
				COPY_PHASE_STRIP = NO;
				CURRENT_PROJECT_VERSION = 1;
				DEBUG_INFORMATION_FORMAT = "dwarf-with-dsym";
				DEVELOPMENT_TEAM = "";
				ENABLE_NS_ASSERTIONS = NO;
				ENABLE_STRICT_OBJC_MSGSEND = YES;
				GCC_C_LANGUAGE_STANDARD = gnu11;
				GCC_NO_COMMON_BLOCKS = YES;
				GCC_WARN_64_TO_32_BIT_CONVERSION = YES;
				GCC_WARN_ABOUT_RETURN_TYPE = YES_ERROR;
				GCC_WARN_UNDECLARED_SELECTOR = YES;
				GCC_WARN_UNINITIALIZED_AUTOS = YES_AGGRESSIVE;
				GCC_WARN_UNUSED_FUNCTION = YES;
				GCC_WARN_UNUSED_VARIABLE = YES;
				IPHONEOS_DEPLOYMENT_TARGET = 17.0;
				MARKETING_VERSION = 0.1.0;
				MTL_ENABLE_DEBUG_INFO = NO;
				MTL_FAST_MATH = YES;
				PRODUCT_NAME = "$(TARGET_NAME)";
				SDKROOT = iphoneos;
				SWIFT_COMPILATION_MODE = wholemodule;
				SWIFT_OPTIMIZATION_LEVEL = "-O";
				SWIFT_VERSION = 5.9;
				TARGETED_DEVICE_FAMILY = "1,2";
			};
			name = Release;
		};
		7670A755D974703B3CA59738 /* Debug */ = {
			isa = XCBuildConfiguration;
			buildSettings = {
				ASSETCATALOG_COMPILER_APPICON_NAME = AppIcon;
				CODE_SIGN_IDENTITY = "iPhone Developer";
				GENERATE_INFOPLIST_FILE = NO;
				INFOPLIST_FILE = Photorg/Info.plist;
				LD_RUNPATH_SEARCH_PATHS = (
					"$(inherited)",
					"@executable_path/Frameworks",
				);
				PRODUCT_BUNDLE_IDENTIFIER = com.example.Photorg;
				SDKROOT = iphoneos;
				TARGETED_DEVICE_FAMILY = "1,2";
			};
			name = Debug;
		};
		D6A338B6E0622BC047038577 /* Debug */ = {
			isa = XCBuildConfiguration;
			buildSettings = {
				ALWAYS_SEARCH_USER_PATHS = NO;
				CLANG_ANALYZER_NONNULL = YES;
				CLANG_ANALYZER_NUMBER_OBJECT_CONVERSION = YES_AGGRESSIVE;
				CLANG_CXX_LANGUAGE_STANDARD = "gnu++14";
				CLANG_CXX_LIBRARY = "libc++";
				CLANG_ENABLE_MODULES = YES;
				CLANG_ENABLE_OBJC_ARC = YES;
				CLANG_ENABLE_OBJC_WEAK = YES;
				CLANG_WARN_BLOCK_CAPTURE_AUTORELEASING = YES;
				CLANG_WARN_BOOL_CONVERSION = YES;
				CLANG_WARN_COMMA = YES;
				CLANG_WARN_CONSTANT_CONVERSION = YES;
				CLANG_WARN_DEPRECATED_OBJC_IMPLEMENTATIONS = YES;
				CLANG_WARN_DIRECT_OBJC_ISA_USAGE = YES_ERROR;
				CLANG_WARN_DOCUMENTATION_COMMENTS = YES;
				CLANG_WARN_EMPTY_BODY = YES;
				CLANG_WARN_ENUM_CONVERSION = YES;
				CLANG_WARN_INFINITE_RECURSION = YES;
				CLANG_WARN_INT_CONVERSION = YES;
				CLANG_WARN_NON_LITERAL_NULL_CONVERSION = YES;
				CLANG_WARN_OBJC_IMPLICIT_RETAIN_SELF = YES;
				CLANG_WARN_OBJC_LITERAL_CONVERSION = YES;
				CLANG_WARN_OBJC_ROOT_CLASS = YES_ERROR;
				CLANG_WARN_QUOTED_INCLUDE_IN_FRAMEWORK_HEADER = YES;
				CLANG_WARN_RANGE_LOOP_ANALYSIS = YES;
				CLANG_WARN_STRICT_PROTOTYPES = YES;
				CLANG_WARN_SUSPICIOUS_MOVE = YES;
				CLANG_WARN_UNGUARDED_AVAILABILITY = YES_AGGRESSIVE;
				CLANG_WARN_UNREACHABLE_CODE = YES;
				CLANG_WARN__DUPLICATE_METHOD_MATCH = YES;
				COPY_PHASE_STRIP = NO;
				CURRENT_PROJECT_VERSION = 1;
				DEBUG_INFORMATION_FORMAT = dwarf;
				DEVELOPMENT_TEAM = "";
				ENABLE_STRICT_OBJC_MSGSEND = YES;
				ENABLE_TESTABILITY = YES;
				GCC_C_LANGUAGE_STANDARD = gnu11;
				GCC_DYNAMIC_NO_PIC = NO;
				GCC_NO_COMMON_BLOCKS = YES;
				GCC_OPTIMIZATION_LEVEL = 0;
				GCC_PREPROCESSOR_DEFINITIONS = (
					"$(inherited)",
					"DEBUG=1",
				);
				GCC_WARN_64_TO_32_BIT_CONVERSION = YES;
				GCC_WARN_ABOUT_RETURN_TYPE = YES_ERROR;
				GCC_WARN_UNDECLARED_SELECTOR = YES;
				GCC_WARN_UNINITIALIZED_AUTOS = YES_AGGRESSIVE;
				GCC_WARN_UNUSED_FUNCTION = YES;
				GCC_WARN_UNUSED_VARIABLE = YES;
				IPHONEOS_DEPLOYMENT_TARGET = 17.0;
				MARKETING_VERSION = 0.1.0;
				MTL_ENABLE_DEBUG_INFO = INCLUDE_SOURCE;
				MTL_FAST_MATH = YES;
				ONLY_ACTIVE_ARCH = YES;
				PRODUCT_NAME = "$(TARGET_NAME)";
				SDKROOT = iphoneos;
				SWIFT_ACTIVE_COMPILATION_CONDITIONS = DEBUG;
				SWIFT_OPTIMIZATION_LEVEL = "-Onone";
				SWIFT_VERSION = 5.9;
				TARGETED_DEVICE_FAMILY = "1,2";
			};
			name = Debug;
		};
		E0E1AEF61B2D88437551316D /* Release */ = {
			isa = XCBuildConfiguration;
			buildSettings = {
				ASSETCATALOG_COMPILER_APPICON_NAME = AppIcon;
				CODE_SIGN_IDENTITY = "iPhone Developer";
				GENERATE_INFOPLIST_FILE = NO;
				INFOPLIST_FILE = Photorg/Info.plist;
				LD_RUNPATH_SEARCH_PATHS = (
					"$(inherited)",
					"@executable_path/Frameworks",
				);
				PRODUCT_BUNDLE_IDENTIFIER = com.example.Photorg;
				SDKROOT = iphoneos;
				TARGETED_DEVICE_FAMILY = "1,2";
			};
			name = Release;
		};
/* End XCBuildConfiguration section */

/* Begin XCConfigurationList section */
		20BC162ECF8DF2C872E1E35F /* Build configuration list for PBXNativeTarget "Photorg" */ = {
			isa = XCConfigurationList;
			buildConfigurations = (
				7670A755D974703B3CA59738 /* Debug */,
				E0E1AEF61B2D88437551316D /* Release */,
			);
			defaultConfigurationIsVisible = 0;
			defaultConfigurationName = Debug;
		};
		908D8D5CD8553BFFFB158F39 /* Build configuration list for PBXProject "Photorg" */ = {
			isa = XCConfigurationList;
			buildConfigurations = (
				D6A338B6E0622BC047038577 /* Debug */,
				44612FE984A2FD643938DBA4 /* Release */,
			);
			defaultConfigurationIsVisible = 0;
			defaultConfigurationName = Debug;
		};
/* End XCConfigurationList section */
	};
	rootObject = D155A57C3BF33010BC1D713C /* Project object */;
}
